dependencies:
- name: nvidia-nim-nemoretriever-page-elements-v2
  repository: https://helm.ngc.nvidia.com/nim/nvidia
  version: 1.3.0
- name: nvidia-nim-nemoretriever-graphic-elements-v1
  repository: https://helm.ngc.nvidia.com/nim/nvidia
  version: 1.3.0
- name: nvidia-nim-nemoretriever-table-structure-v1
  repository: https://helm.ngc.nvidia.com/nim/nvidia
  version: 1.3.0
- name: nim-vlm
  repository: https://helm.ngc.nvidia.com/nvidia/nemo-microservices
  version: 1.2.0-ea-v2
- name: nvidia-nim-paddleocr
  repository: https://helm.ngc.nvidia.com/nim/baidu
  version: 1.3.0
- name: nvidia-nim-nv-embedqa-e5-v5
  repository: https://helm.ngc.nvidia.com/nim/nvidia
  version: 1.6.0
- name: nvidia-nim-llama-32-nv-embedqa-1b-v2
  repository: https://helm.ngc.nvidia.com/nim/nvidia
  version: 1.6.0
- name: nvidia-nim-llama-32-nv-rerankqa-1b-v2
  repository: https://helm.ngc.nvidia.com/nim/nvidia
  version: 1.5.0
- name: riva-nim
  repository: https://helm.ngc.nvidia.com/nim/nvidia
  version: 1.0.0
- name: milvus
  repository: https://zilliztech.github.io/milvus-helm
  version: 4.1.11
- name: redis
  repository: oci://registry-1.docker.io/bitnamicharts
  version: 19.1.3
- name: zipkin
  repository: https://zipkin.io/zipkin-helm
  version: 0.1.2
- name: opentelemetry-collector
  repository: https://open-telemetry.github.io/opentelemetry-helm-charts
  version: 0.78.1
- name: prometheus
  repository: https://prometheus-community.github.io/helm-charts
  version: 27.12.1
digest: sha256:f80f9105499c939f6b366ac30274de605b6a80a7a542d11b2b211ae20df3e071
generated: "2025-05-21T08:29:14.039456749-04:00"
