dependencies:
- name: common
  repository: oci://registry-1.docker.io/bitnamicharts
  version: 2.22.0
- name: redis
  repository: oci://registry-1.docker.io/bitnamicharts
  version: 19.1.3
- name: zipkin
  repository: https://zipkin.io/zipkin-helm
  version: 0.1.2
- name: opentelemetry-collector
  repository: https://open-telemetry.github.io/opentelemetry-helm-charts
  version: 0.78.1
- name: yolox-nim
  repository: https://helm.ngc.nvidia.com/ohlfw0olaadg/ea-participants
  version: 0.1.6
- name: cached-nim
  repository: https://helm.ngc.nvidia.com/ohlfw0olaadg/ea-participants
  version: 0.1.6
- name: paddleocr-nim
  repository: https://helm.ngc.nvidia.com/ohlfw0olaadg/ea-participants
  version: 0.1.6
- name: deplot-nim
  repository: https://helm.ngc.nvidia.com/ohlfw0olaadg/ea-participants
  version: 0.1.6
- name: milvus
  repository: https://zilliztech.github.io/milvus-helm
  version: 4.1.11
digest: sha256:435cbd9a984e75db973b1f6a3c074ae95b21ed6a8540f82405113ae64540e0c7
generated: "2024-08-28T16:42:50.492427-06:00"
